
Microsoft Visual Studio Solution File, Format Version 12.00
# Visual Studio 15
VisualStudioVersion = 15.0.26124.0
MinimumVisualStudioVersion = 15.0.26124.0
Project("{FAE04EC0-301F-11D3-BF4B-00C04F79EFBC}") = "Domain", "Domain\Domain.csproj", "{CFE2A912-DB0C-43EB-8860-4AC7F68DC949}"
EndProject
Project("{FAE04EC0-301F-11D3-BF4B-00C04F79EFBC}") = "Application", "Application\Application.csproj", "{B99C86A8-9A7A-449F-9013-099D9DFFAD21}"
EndProject
Project("{FAE04EC0-301F-11D3-BF4B-00C04F79EFBC}") = "Persistence", "Persistence\Persistence.csproj", "{B40D72CF-FB6E-4CB6-AB14-22CB8B4B3BDF}"
EndProject
Project("{FAE04EC0-301F-11D3-BF4B-00C04F79EFBC}") = "API", "API\API.csproj", "{11480C9B-C7DC-47B2-9DF2-292CC9716548}"
EndProject
Global
	GlobalSection(SolutionConfigurationPlatforms) = preSolution
		Debug|Any CPU = Debug|Any CPU
		Debug|x64 = Debug|x64
		Debug|x86 = Debug|x86
		Release|Any CPU = Release|Any CPU
		Release|x64 = Release|x64
		Release|x86 = Release|x86
	EndGlobalSection
	GlobalSection(SolutionProperties) = preSolution
		HideSolutionNode = FALSE
	EndGlobalSection
	GlobalSection(ProjectConfigurationPlatforms) = postSolution
		{CFE2A912-DB0C-43EB-8860-4AC7F68DC949}.Debug|Any CPU.ActiveCfg = Debug|Any CPU
		{CFE2A912-DB0C-43EB-8860-4AC7F68DC949}.Debug|Any CPU.Build.0 = Debug|Any CPU
		{CFE2A912-DB0C-43EB-8860-4AC7F68DC949}.Debug|x64.ActiveCfg = Debug|Any CPU
		{CFE2A912-DB0C-43EB-8860-4AC7F68DC949}.Debug|x64.Build.0 = Debug|Any CPU
		{CFE2A912-DB0C-43EB-8860-4AC7F68DC949}.Debug|x86.ActiveCfg = Debug|Any CPU
		{CFE2A912-DB0C-43EB-8860-4AC7F68DC949}.Debug|x86.Build.0 = Debug|Any CPU
		{CFE2A912-DB0C-43EB-8860-4AC7F68DC949}.Release|Any CPU.ActiveCfg = Release|Any CPU
		{CFE2A912-DB0C-43EB-8860-4AC7F68DC949}.Release|Any CPU.Build.0 = Release|Any CPU
		{CFE2A912-DB0C-43EB-8860-4AC7F68DC949}.Release|x64.ActiveCfg = Release|Any CPU
		{CFE2A912-DB0C-43EB-8860-4AC7F68DC949}.Release|x64.Build.0 = Release|Any CPU
		{CFE2A912-DB0C-43EB-8860-4AC7F68DC949}.Release|x86.ActiveCfg = Release|Any CPU
		{CFE2A912-DB0C-43EB-8860-4AC7F68DC949}.Release|x86.Build.0 = Release|Any CPU
		{B99C86A8-9A7A-449F-9013-099D9DFFAD21}.Debug|Any CPU.ActiveCfg = Debug|Any CPU
		{B99C86A8-9A7A-449F-9013-099D9DFFAD21}.Debug|Any CPU.Build.0 = Debug|Any CPU
		{B99C86A8-9A7A-449F-9013-099D9DFFAD21}.Debug|x64.ActiveCfg = Debug|Any CPU
		{B99C86A8-9A7A-449F-9013-099D9DFFAD21}.Debug|x64.Build.0 = Debug|Any CPU
		{B99C86A8-9A7A-449F-9013-099D9DFFAD21}.Debug|x86.ActiveCfg = Debug|Any CPU
		{B99C86A8-9A7A-449F-9013-099D9DFFAD21}.Debug|x86.Build.0 = Debug|Any CPU
		{B99C86A8-9A7A-449F-9013-099D9DFFAD21}.Release|Any CPU.ActiveCfg = Release|Any CPU
		{B99C86A8-9A7A-449F-9013-099D9DFFAD21}.Release|Any CPU.Build.0 = Release|Any CPU
		{B99C86A8-9A7A-449F-9013-099D9DFFAD21}.Release|x64.ActiveCfg = Release|Any CPU
		{B99C86A8-9A7A-449F-9013-099D9DFFAD21}.Release|x64.Build.0 = Release|Any CPU
		{B99C86A8-9A7A-449F-9013-099D9DFFAD21}.Release|x86.ActiveCfg = Release|Any CPU
		{B99C86A8-9A7A-449F-9013-099D9DFFAD21}.Release|x86.Build.0 = Release|Any CPU
		{B40D72CF-FB6E-4CB6-AB14-22CB8B4B3BDF}.Debug|Any CPU.ActiveCfg = Debug|Any CPU
		{B40D72CF-FB6E-4CB6-AB14-22CB8B4B3BDF}.Debug|Any CPU.Build.0 = Debug|Any CPU
		{B40D72CF-FB6E-4CB6-AB14-22CB8B4B3BDF}.Debug|x64.ActiveCfg = Debug|Any CPU
		{B40D72CF-FB6E-4CB6-AB14-22CB8B4B3BDF}.Debug|x64.Build.0 = Debug|Any CPU
		{B40D72CF-FB6E-4CB6-AB14-22CB8B4B3BDF}.Debug|x86.ActiveCfg = Debug|Any CPU
		{B40D72CF-FB6E-4CB6-AB14-22CB8B4B3BDF}.Debug|x86.Build.0 = Debug|Any CPU
		{B40D72CF-FB6E-4CB6-AB14-22CB8B4B3BDF}.Release|Any CPU.ActiveCfg = Release|Any CPU
		{B40D72CF-FB6E-4CB6-AB14-22CB8B4B3BDF}.Release|Any CPU.Build.0 = Release|Any CPU
		{B40D72CF-FB6E-4CB6-AB14-22CB8B4B3BDF}.Release|x64.ActiveCfg = Release|Any CPU
		{B40D72CF-FB6E-4CB6-AB14-22CB8B4B3BDF}.Release|x64.Build.0 = Release|Any CPU
		{B40D72CF-FB6E-4CB6-AB14-22CB8B4B3BDF}.Release|x86.ActiveCfg = Release|Any CPU
		{B40D72CF-FB6E-4CB6-AB14-22CB8B4B3BDF}.Release|x86.Build.0 = Release|Any CPU
		{11480C9B-C7DC-47B2-9DF2-292CC9716548}.Debug|Any CPU.ActiveCfg = Debug|Any CPU
		{11480C9B-C7DC-47B2-9DF2-292CC9716548}.Debug|Any CPU.Build.0 = Debug|Any CPU
		{11480C9B-C7DC-47B2-9DF2-292CC9716548}.Debug|x64.ActiveCfg = Debug|Any CPU
		{11480C9B-C7DC-47B2-9DF2-292CC9716548}.Debug|x64.Build.0 = Debug|Any CPU
		{11480C9B-C7DC-47B2-9DF2-292CC9716548}.Debug|x86.ActiveCfg = Debug|Any CPU
		{11480C9B-C7DC-47B2-9DF2-292CC9716548}.Debug|x86.Build.0 = Debug|Any CPU
		{11480C9B-C7DC-47B2-9DF2-292CC9716548}.Release|Any CPU.ActiveCfg = Release|Any CPU
		{11480C9B-C7DC-47B2-9DF2-292CC9716548}.Release|Any CPU.Build.0 = Release|Any CPU
		{11480C9B-C7DC-47B2-9DF2-292CC9716548}.Release|x64.ActiveCfg = Release|Any CPU
		{11480C9B-C7DC-47B2-9DF2-292CC9716548}.Release|x64.Build.0 = Release|Any CPU
		{11480C9B-C7DC-47B2-9DF2-292CC9716548}.Release|x86.ActiveCfg = Release|Any CPU
		{11480C9B-C7DC-47B2-9DF2-292CC9716548}.Release|x86.Build.0 = Release|Any CPU
	EndGlobalSection
EndGlobal
